
Microsoft Visual Studio Solution File, Format Version 12.00
# Visual Studio Version 17
VisualStudioVersion = 17.4.33205.214
MinimumVisualStudioVersion = 10.0.40219.1
Project("{9A19103F-16F7-4668-BE54-9A1E7A4F7556}") = "UnityModStudio.Build", "UnityModStudio.Build\UnityModStudio.Build.csproj", "{3A59A25A-51A3-4969-8C21-C2802BD9C442}"
EndProject
Project("{FAE04EC0-301F-11D3-BF4B-00C04F79EFBC}") = "UnityModStudio.ProjectTemplate.CSharp", "UnityModStudio.ProjectTemplate.CSharp\UnityModStudio.ProjectTemplate.CSharp.csproj", "{7E897D27-BB05-4519-8C22-E88C395B014C}"
EndProject
Project("{9A19103F-16F7-4668-BE54-9A1E7A4F7556}") = "UnityModStudio.ProjectWizard", "UnityModStudio.ProjectWizard\UnityModStudio.ProjectWizard.csproj", "{DBADAC8A-1054-428E-93D3-70B33859483F}"
EndProject
Project("{9A19103F-16F7-4668-BE54-9A1E7A4F7556}") = "UnityModStudio.Common", "UnityModStudio.Common\UnityModStudio.Common.csproj", "{D3CEA042-AE51-469E-96AB-B49E1BB38100}"
EndProject
Project("{2150E333-8FDC-42A3-9474-1A3956D46DE8}") = "Solution Items", "Solution Items", "{7BF079FE-B1DF-45B2-B3C1-4AA160B6E336}"
	ProjectSection(SolutionItems) = preProject
		Directory.Build.props = Directory.Build.props
		README.md = README.md
		UnityModStudio.snk = UnityModStudio.snk
		version.json = version.json
	EndProjectSection
EndProject
Project("{9A19103F-16F7-4668-BE54-9A1E7A4F7556}") = "UnityModStudio.Options", "UnityModStudio.Options\UnityModStudio.Options.csproj", "{D68FB3B2-17BB-4FB8-88C1-B80EBBA4A28C}"
EndProject
Project("{FAE04EC0-301F-11D3-BF4B-00C04F79EFBC}") = "UnityModStudio", "UnityModStudio\UnityModStudio.csproj", "{1089A657-6DF7-41E5-8872-D1C5C60130F2}"
EndProject
Project("{9A19103F-16F7-4668-BE54-9A1E7A4F7556}") = "UnityModStudio.ProjectSystem", "UnityModStudio.ProjectSystem\UnityModStudio.ProjectSystem.csproj", "{8DDAEC60-0999-4CE8-B57E-D328C0EF6A4C}"
EndProject
Project("{2150E333-8FDC-42A3-9474-1A3956D46DE8}") = "Tests", "Tests", "{02EA681E-C7D8-13C7-8484-4AC65E1B71E8}"
	ProjectSection(SolutionItems) = preProject
		GameTest.targets = GameTest.targets
	EndProjectSection
EndProject
Project("{FAE04EC0-301F-11D3-BF4B-00C04F79EFBC}") = "UnityModStudio.Common.Tests", "UnityModStudio.Common.Tests\UnityModStudio.Common.Tests.csproj", "{19C5F701-1D47-4790-B370-FCD90EC33F57}"
EndProject
Project("{FAE04EC0-301F-11D3-BF4B-00C04F79EFBC}") = "UnityModStudio.Options.Tests", "UnityModStudio.Options.Tests\UnityModStudio.Options.Tests.csproj", "{A06406FD-3B98-4C3C-ACE4-F6B2C6DC2FB6}"
EndProject
Project("{FAE04EC0-301F-11D3-BF4B-00C04F79EFBC}") = "UnityModStudio.ProjectWizard.Tests", "UnityModStudio.ProjectWizard.Tests\UnityModStudio.ProjectWizard.Tests.csproj", "{FAF96F50-ACE4-410B-9FCF-166D1307D7A5}"
EndProject
Project("{FAE04EC0-301F-11D3-BF4B-00C04F79EFBC}") = "UnityModStudio.Build.Tests", "UnityModStudio.Build.Tests\UnityModStudio.Build.Tests.csproj", "{816B4146-E3EF-4142-8F74-06EE546388F7}"
EndProject
Project("{2150E333-8FDC-42A3-9474-1A3956D46DE8}") = "Games", "Games", "{B3063360-D048-4378-A8F4-6DF4250A7B4C}"
EndProject
Project("{2150E333-8FDC-42A3-9474-1A3956D46DE8}") = "BepInEx", "BepInEx", "{702C8863-28F5-4BF9-AC1F-6B7F70E69DD6}"
EndProject
Project("{FAE04EC0-301F-11D3-BF4B-00C04F79EFBC}") = "UnityModStudio.BepInEx", "UnityModStudio.BepInEx\UnityModStudio.BepInEx.csproj", "{950DE4A6-7C22-4EB7-94D6-16745D64C77C}"
EndProject
Project("{FAE04EC0-301F-11D3-BF4B-00C04F79EFBC}") = "UnityModStudio.BepInEx.Build", "UnityModStudio.BepInEx.Build\UnityModStudio.BepInEx.Build.csproj", "{5A39987F-FBFB-1E3E-743F-0921EF64F3AD}"
EndProject
Project("{FAE04EC0-301F-11D3-BF4B-00C04F79EFBC}") = "UnityModStudio.BepInEx.V5.ProjectTemplate.CSharp", "UnityModStudio.BepInEx.V5.ProjectTemplate.CSharp\UnityModStudio.BepInEx.V5.ProjectTemplate.CSharp.csproj", "{FE36CF96-968D-4A47-B12A-D3B26DCEB5FA}"
EndProject
Project("{FAE04EC0-301F-11D3-BF4B-00C04F79EFBC}") = "UnityModStudio.BepInEx.Build.Tests", "UnityModStudio.BepInEx.Build.Tests\UnityModStudio.BepInEx.Build.Tests.csproj", "{51025A47-3EE4-4226-B041-0697B24A8906}"
EndProject
Project("{FAE04EC0-301F-11D3-BF4B-00C04F79EFBC}") = "UnityModStudio.BepInEx.V6.Unity.Mono.ProjectTemplate.CSharp", "UnityModStudio.BepInEx.V6.Unity.Mono.ProjectTemplate.CSharp\UnityModStudio.BepInEx.V6.Unity.Mono.ProjectTemplate.CSharp.csproj", "{B8B1DB02-18EC-4AB6-82E8-286BF7D50CC3}"
EndProject
Global
	GlobalSection(SolutionConfigurationPlatforms) = preSolution
		Debug|Any CPU = Debug|Any CPU
		Release|Any CPU = Release|Any CPU
	EndGlobalSection
	GlobalSection(ProjectConfigurationPlatforms) = postSolution
		{3A59A25A-51A3-4969-8C21-C2802BD9C442}.Debug|Any CPU.ActiveCfg = Debug|Any CPU
		{3A59A25A-51A3-4969-8C21-C2802BD9C442}.Debug|Any CPU.Build.0 = Debug|Any CPU
		{3A59A25A-51A3-4969-8C21-C2802BD9C442}.Release|Any CPU.ActiveCfg = Release|Any CPU
		{3A59A25A-51A3-4969-8C21-C2802BD9C442}.Release|Any CPU.Build.0 = Release|Any CPU
		{7E897D27-BB05-4519-8C22-E88C395B014C}.Debug|Any CPU.ActiveCfg = Debug|Any CPU
		{7E897D27-BB05-4519-8C22-E88C395B014C}.Debug|Any CPU.Build.0 = Debug|Any CPU
		{7E897D27-BB05-4519-8C22-E88C395B014C}.Release|Any CPU.ActiveCfg = Release|Any CPU
		{7E897D27-BB05-4519-8C22-E88C395B014C}.Release|Any CPU.Build.0 = Release|Any CPU
		{DBADAC8A-1054-428E-93D3-70B33859483F}.Debug|Any CPU.ActiveCfg = Debug|Any CPU
		{DBADAC8A-1054-428E-93D3-70B33859483F}.Debug|Any CPU.Build.0 = Debug|Any CPU
		{DBADAC8A-1054-428E-93D3-70B33859483F}.Release|Any CPU.ActiveCfg = Release|Any CPU
		{DBADAC8A-1054-428E-93D3-70B33859483F}.Release|Any CPU.Build.0 = Release|Any CPU
		{D3CEA042-AE51-469E-96AB-B49E1BB38100}.Debug|Any CPU.ActiveCfg = Debug|Any CPU
		{D3CEA042-AE51-469E-96AB-B49E1BB38100}.Debug|Any CPU.Build.0 = Debug|Any CPU
		{D3CEA042-AE51-469E-96AB-B49E1BB38100}.Release|Any CPU.ActiveCfg = Release|Any CPU
		{D3CEA042-AE51-469E-96AB-B49E1BB38100}.Release|Any CPU.Build.0 = Release|Any CPU
		{D68FB3B2-17BB-4FB8-88C1-B80EBBA4A28C}.Debug|Any CPU.ActiveCfg = Debug|Any CPU
		{D68FB3B2-17BB-4FB8-88C1-B80EBBA4A28C}.Debug|Any CPU.Build.0 = Debug|Any CPU
		{D68FB3B2-17BB-4FB8-88C1-B80EBBA4A28C}.Release|Any CPU.ActiveCfg = Release|Any CPU
		{D68FB3B2-17BB-4FB8-88C1-B80EBBA4A28C}.Release|Any CPU.Build.0 = Release|Any CPU
		{1089A657-6DF7-41E5-8872-D1C5C60130F2}.Debug|Any CPU.ActiveCfg = Debug|Any CPU
		{1089A657-6DF7-41E5-8872-D1C5C60130F2}.Debug|Any CPU.Build.0 = Debug|Any CPU
		{1089A657-6DF7-41E5-8872-D1C5C60130F2}.Release|Any CPU.ActiveCfg = Release|Any CPU
		{1089A657-6DF7-41E5-8872-D1C5C60130F2}.Release|Any CPU.Build.0 = Release|Any CPU
		{8DDAEC60-0999-4CE8-B57E-D328C0EF6A4C}.Debug|Any CPU.ActiveCfg = Debug|Any CPU
		{8DDAEC60-0999-4CE8-B57E-D328C0EF6A4C}.Debug|Any CPU.Build.0 = Debug|Any CPU
		{8DDAEC60-0999-4CE8-B57E-D328C0EF6A4C}.Release|Any CPU.ActiveCfg = Release|Any CPU
		{8DDAEC60-0999-4CE8-B57E-D328C0EF6A4C}.Release|Any CPU.Build.0 = Release|Any CPU
		{19C5F701-1D47-4790-B370-FCD90EC33F57}.Debug|Any CPU.ActiveCfg = Debug|Any CPU
		{19C5F701-1D47-4790-B370-FCD90EC33F57}.Debug|Any CPU.Build.0 = Debug|Any CPU
		{19C5F701-1D47-4790-B370-FCD90EC33F57}.Release|Any CPU.ActiveCfg = Release|Any CPU
		{19C5F701-1D47-4790-B370-FCD90EC33F57}.Release|Any CPU.Build.0 = Release|Any CPU
		{A06406FD-3B98-4C3C-ACE4-F6B2C6DC2FB6}.Debug|Any CPU.ActiveCfg = Debug|Any CPU
		{A06406FD-3B98-4C3C-ACE4-F6B2C6DC2FB6}.Debug|Any CPU.Build.0 = Debug|Any CPU
		{A06406FD-3B98-4C3C-ACE4-F6B2C6DC2FB6}.Release|Any CPU.ActiveCfg = Release|Any CPU
		{A06406FD-3B98-4C3C-ACE4-F6B2C6DC2FB6}.Release|Any CPU.Build.0 = Release|Any CPU
		{FAF96F50-ACE4-410B-9FCF-166D1307D7A5}.Debug|Any CPU.ActiveCfg = Debug|Any CPU
		{FAF96F50-ACE4-410B-9FCF-166D1307D7A5}.Debug|Any CPU.Build.0 = Debug|Any CPU
		{FAF96F50-ACE4-410B-9FCF-166D1307D7A5}.Release|Any CPU.ActiveCfg = Release|Any CPU
		{FAF96F50-ACE4-410B-9FCF-166D1307D7A5}.Release|Any CPU.Build.0 = Release|Any CPU
		{816B4146-E3EF-4142-8F74-06EE546388F7}.Debug|Any CPU.ActiveCfg = Debug|Any CPU
		{816B4146-E3EF-4142-8F74-06EE546388F7}.Debug|Any CPU.Build.0 = Debug|Any CPU
		{816B4146-E3EF-4142-8F74-06EE546388F7}.Release|Any CPU.ActiveCfg = Release|Any CPU
		{816B4146-E3EF-4142-8F74-06EE546388F7}.Release|Any CPU.Build.0 = Release|Any CPU
		{950DE4A6-7C22-4EB7-94D6-16745D64C77C}.Debug|Any CPU.ActiveCfg = Debug|Any CPU
		{950DE4A6-7C22-4EB7-94D6-16745D64C77C}.Debug|Any CPU.Build.0 = Debug|Any CPU
		{950DE4A6-7C22-4EB7-94D6-16745D64C77C}.Release|Any CPU.ActiveCfg = Release|Any CPU
		{950DE4A6-7C22-4EB7-94D6-16745D64C77C}.Release|Any CPU.Build.0 = Release|Any CPU
		{5A39987F-FBFB-1E3E-743F-0921EF64F3AD}.Debug|Any CPU.ActiveCfg = Debug|Any CPU
		{5A39987F-FBFB-1E3E-743F-0921EF64F3AD}.Debug|Any CPU.Build.0 = Debug|Any CPU
		{5A39987F-FBFB-1E3E-743F-0921EF64F3AD}.Release|Any CPU.ActiveCfg = Release|Any CPU
		{5A39987F-FBFB-1E3E-743F-0921EF64F3AD}.Release|Any CPU.Build.0 = Release|Any CPU
		{FE36CF96-968D-4A47-B12A-D3B26DCEB5FA}.Debug|Any CPU.ActiveCfg = Debug|Any CPU
		{FE36CF96-968D-4A47-B12A-D3B26DCEB5FA}.Debug|Any CPU.Build.0 = Debug|Any CPU
		{FE36CF96-968D-4A47-B12A-D3B26DCEB5FA}.Release|Any CPU.ActiveCfg = Release|Any CPU
		{FE36CF96-968D-4A47-B12A-D3B26DCEB5FA}.Release|Any CPU.Build.0 = Release|Any CPU
		{51025A47-3EE4-4226-B041-0697B24A8906}.Debug|Any CPU.ActiveCfg = Debug|Any CPU
		{51025A47-3EE4-4226-B041-0697B24A8906}.Debug|Any CPU.Build.0 = Debug|Any CPU
		{51025A47-3EE4-4226-B041-0697B24A8906}.Release|Any CPU.ActiveCfg = Release|Any CPU
		{51025A47-3EE4-4226-B041-0697B24A8906}.Release|Any CPU.Build.0 = Release|Any CPU
		{B8B1DB02-18EC-4AB6-82E8-286BF7D50CC3}.Debug|Any CPU.ActiveCfg = Debug|Any CPU
		{B8B1DB02-18EC-4AB6-82E8-286BF7D50CC3}.Debug|Any CPU.Build.0 = Debug|Any CPU
		{B8B1DB02-18EC-4AB6-82E8-286BF7D50CC3}.Release|Any CPU.ActiveCfg = Release|Any CPU
		{B8B1DB02-18EC-4AB6-82E8-286BF7D50CC3}.Release|Any CPU.Build.0 = Release|Any CPU
	EndGlobalSection
	GlobalSection(SolutionProperties) = preSolution
		HideSolutionNode = FALSE
	EndGlobalSection
	GlobalSection(NestedProjects) = preSolution
		{19C5F701-1D47-4790-B370-FCD90EC33F57} = {02EA681E-C7D8-13C7-8484-4AC65E1B71E8}
		{A06406FD-3B98-4C3C-ACE4-F6B2C6DC2FB6} = {02EA681E-C7D8-13C7-8484-4AC65E1B71E8}
		{FAF96F50-ACE4-410B-9FCF-166D1307D7A5} = {02EA681E-C7D8-13C7-8484-4AC65E1B71E8}
		{816B4146-E3EF-4142-8F74-06EE546388F7} = {02EA681E-C7D8-13C7-8484-4AC65E1B71E8}
		{702C8863-28F5-4BF9-AC1F-6B7F70E69DD6} = {B3063360-D048-4378-A8F4-6DF4250A7B4C}
		{950DE4A6-7C22-4EB7-94D6-16745D64C77C} = {702C8863-28F5-4BF9-AC1F-6B7F70E69DD6}
		{5A39987F-FBFB-1E3E-743F-0921EF64F3AD} = {702C8863-28F5-4BF9-AC1F-6B7F70E69DD6}
		{FE36CF96-968D-4A47-B12A-D3B26DCEB5FA} = {702C8863-28F5-4BF9-AC1F-6B7F70E69DD6}
		{51025A47-3EE4-4226-B041-0697B24A8906} = {702C8863-28F5-4BF9-AC1F-6B7F70E69DD6}
		{B8B1DB02-18EC-4AB6-82E8-286BF7D50CC3} = {702C8863-28F5-4BF9-AC1F-6B7F70E69DD6}
	EndGlobalSection
	GlobalSection(ExtensibilityGlobals) = postSolution
		SolutionGuid = {B2F1C7D6-4B1F-46DA-BFD9-C45A049B562E}
	EndGlobalSection
EndGlobal
